github.com/Snawoot/unicmp v0.2.4 h1:tDDMnv+Jvc7bQ6lZHILCcIN065Cq++yfbT1K6hE8Hv8=
github.com/Snawoot/unicmp v0.2.4/go.mod h1:wvCA7F06xDGSLo67k75vZmg15gLntntA8aJJ6+rmNkQ=
github.com/Snawoot/uniquemap v0.1.4 h1:EXGw3AaTr3a50rligDoQorSsClEj3h2kHZ/eKsTEUlc=
github.com/Snawoot/uniquemap v0.1.4/go.mod h1:Ih3LRM/I6ZR522MOEEr1lVQVqAopKIxmWyus8XLh4Qg=
github.com/Snawoot/uniqueslice v0.1.1 h1:KEfv3FtAXiNEoxvcc79pFQDhnqwYXQyZIkxOM4e/qpw=
github.com/Snawoot/uniqueslice v0.1.1/go.mod h1:K9zIaHO43FGLHbqm6WCDFeY6+CN/du5eiio/vxvDVC8=
gopkg.in/check.v1 v0.0.0-20161208181325-20d25e280405 h1:yhCVgyC4o1eVCa2tZl7eS0r+SDo693bJlVdllGtEeKM=
gopkg.in/check.v1 v0.0.0-20161208181325-20d25e280405/go.mod h1:Co6ibVJAznAaIkqp8huTwlJQCZ016jof/cbN4VW5Yz0=
